
Microsoft Visual Studio Solution File, Format Version 12.00
# Visual Studio Version 17
VisualStudioVersion = 17.13.35825.156 d17.13
MinimumVisualStudioVersion = 10.0.40219.1
Project("{FAE04EC0-301F-11D3-BF4B-00C04F79EFBC}") = "ConsoleApp15.05", "ConsoleApp15.05\ConsoleApp15.05.csproj", "{C2676056-C1D7-489B-935F-7D8247DCD9E0}"
EndProject
Global
	GlobalSection(SolutionConfigurationPlatforms) = preSolution
		Debug|Any CPU = Debug|Any CPU
		Release|Any CPU = Release|Any CPU
	EndGlobalSection
	GlobalSection(ProjectConfigurationPlatforms) = postSolution
		{C2676056-C1D7-489B-935F-7D8247DCD9E0}.Debug|Any CPU.ActiveCfg = Debug|Any CPU
		{C2676056-C1D7-489B-935F-7D8247DCD9E0}.Debug|Any CPU.Build.0 = Debug|Any CPU
		{C2676056-C1D7-489B-935F-7D8247DCD9E0}.Release|Any CPU.ActiveCfg = Release|Any CPU
		{C2676056-C1D7-489B-935F-7D8247DCD9E0}.Release|Any CPU.Build.0 = Release|Any CPU
	EndGlobalSection
	GlobalSection(SolutionProperties) = preSolution
		HideSolutionNode = FALSE
	EndGlobalSection
	GlobalSection(ExtensibilityGlobals) = postSolution
		SolutionGuid = {700F12F7-8465-43CD-A064-3102425DFC4F}
	EndGlobalSection
EndGlobal
